
Microsoft Visual Studio Solution File, Format Version 12.00
# Visual Studio Version 16
VisualStudioVersion = 16.0.28803.156
MinimumVisualStudioVersion = 10.0.40219.1
Project("{9A19103F-16F7-4668-BE54-9A1E7A4F7556}") = "Web", "Web\Web.csproj", "{163C789A-D0A6-4553-BD5C-3750EE6CB482}"
EndProject
Project("{9A19103F-16F7-4668-BE54-9A1E7A4F7556}") = "Entities", "Entities\Entities.csproj", "{E8BE0880-0820-42EC-881B-55793155594A}"
EndProject
Global
	GlobalSection(SolutionConfigurationPlatforms) = preSolution
		Debug|Any CPU = Debug|Any CPU
		Release|Any CPU = Release|Any CPU
	EndGlobalSection
	GlobalSection(ProjectConfigurationPlatforms) = postSolution
		{163C789A-D0A6-4553-BD5C-3750EE6CB482}.Debug|Any CPU.ActiveCfg = Debug|Any CPU
		{163C789A-D0A6-4553-BD5C-3750EE6CB482}.Debug|Any CPU.Build.0 = Debug|Any CPU
		{163C789A-D0A6-4553-BD5C-3750EE6CB482}.Release|Any CPU.ActiveCfg = Release|Any CPU
		{163C789A-D0A6-4553-BD5C-3750EE6CB482}.Release|Any CPU.Build.0 = Release|Any CPU
		{E8BE0880-0820-42EC-881B-55793155594A}.Debug|Any CPU.ActiveCfg = Debug|Any CPU
		{E8BE0880-0820-42EC-881B-55793155594A}.Debug|Any CPU.Build.0 = Debug|Any CPU
		{E8BE0880-0820-42EC-881B-55793155594A}.Release|Any CPU.ActiveCfg = Release|Any CPU
		{E8BE0880-0820-42EC-881B-55793155594A}.Release|Any CPU.Build.0 = Release|Any CPU
	EndGlobalSection
	GlobalSection(SolutionProperties) = preSolution
		HideSolutionNode = FALSE
	EndGlobalSection
	GlobalSection(ExtensibilityGlobals) = postSolution
		SolutionGuid = {9D898FC2-CA6F-4C3A-A4C6-E1F321FAA351}
	EndGlobalSection
EndGlobal
